
Microsoft Visual Studio Solution File, Format Version 12.00
# Visual Studio Version 17
VisualStudioVersion = 17.14.36109.1 d17.14
MinimumVisualStudioVersion = 10.0.40219.1
Project("{FAE04EC0-301F-11D3-BF4B-00C04F79EFBC}") = "Entregavel1_NAC2", "Entregavel1_NAC2\Entregavel1_NAC2.csproj", "{13B96D75-ED42-4145-BF91-5DC60279BD37}"
EndProject
Global
	GlobalSection(SolutionConfigurationPlatforms) = preSolution
		Debug|Any CPU = Debug|Any CPU
		Release|Any CPU = Release|Any CPU
	EndGlobalSection
	GlobalSection(ProjectConfigurationPlatforms) = postSolution
		{13B96D75-ED42-4145-BF91-5DC60279BD37}.Debug|Any CPU.ActiveCfg = Debug|Any CPU
		{13B96D75-ED42-4145-BF91-5DC60279BD37}.Debug|Any CPU.Build.0 = Debug|Any CPU
		{13B96D75-ED42-4145-BF91-5DC60279BD37}.Release|Any CPU.ActiveCfg = Release|Any CPU
		{13B96D75-ED42-4145-BF91-5DC60279BD37}.Release|Any CPU.Build.0 = Release|Any CPU
	EndGlobalSection
	GlobalSection(SolutionProperties) = preSolution
		HideSolutionNode = FALSE
	EndGlobalSection
	GlobalSection(ExtensibilityGlobals) = postSolution
		SolutionGuid = {E85564DA-B77C-44BA-A510-01AC0BC9518E}
	EndGlobalSection
EndGlobal
